
Microsoft Visual Studio Solution File, Format Version 12.00
# Visual Studio Version 17
VisualStudioVersion = 17.0.31903.59
MinimumVisualStudioVersion = 10.0.40219.1
Project("{FAE04EC0-301F-11D3-BF4B-00C04F79EFBC}") = "TeacherReport.Function", "src\TeacherReport.Function\TeacherReport.Function.csproj", "{28F243FA-775A-45CD-9361-98D543BD040A}"
EndProject
Global
	GlobalSection(SolutionConfigurationPlatforms) = preSolution
		Debug|Any CPU = Debug|Any CPU
		Release|Any CPU = Release|Any CPU
	EndGlobalSection
	GlobalSection(SolutionProperties) = preSolution
		HideSolutionNode = FALSE
	EndGlobalSection
	GlobalSection(ProjectConfigurationPlatforms) = postSolution
		{28F243FA-775A-45CD-9361-98D543BD040A}.Debug|Any CPU.ActiveCfg = Debug|Any CPU
		{28F243FA-775A-45CD-9361-98D543BD040A}.Debug|Any CPU.Build.0 = Debug|Any CPU
		{28F243FA-775A-45CD-9361-98D543BD040A}.Release|Any CPU.ActiveCfg = Release|Any CPU
		{28F243FA-775A-45CD-9361-98D543BD040A}.Release|Any CPU.Build.0 = Release|Any CPU
	EndGlobalSection
EndGlobal
